
Microsoft Visual Studio Solution File, Format Version 12.00
# Visual Studio Version 17
VisualStudioVersion = 17.0.32126.317
MinimumVisualStudioVersion = 10.0.40219.1
Project("{9A19103F-16F7-4668-BE54-9A1E7A4F7556}") = "VL.Onnx", "VL.Onnx.csproj", "{C286108A-F3B8-4580-9074-E07D02DCC7EC}"
EndProject
Global
	GlobalSection(SolutionConfigurationPlatforms) = preSolution
		Debug|Any CPU = Debug|Any CPU
		Release|Any CPU = Release|Any CPU
	EndGlobalSection
	GlobalSection(ProjectConfigurationPlatforms) = postSolution
		{C286108A-F3B8-4580-9074-E07D02DCC7EC}.Debug|Any CPU.ActiveCfg = Debug|Any CPU
		{C286108A-F3B8-4580-9074-E07D02DCC7EC}.Debug|Any CPU.Build.0 = Debug|Any CPU
		{C286108A-F3B8-4580-9074-E07D02DCC7EC}.Release|Any CPU.ActiveCfg = Release|Any CPU
		{C286108A-F3B8-4580-9074-E07D02DCC7EC}.Release|Any CPU.Build.0 = Release|Any CPU
	EndGlobalSection
	GlobalSection(SolutionProperties) = preSolution
		HideSolutionNode = FALSE
	EndGlobalSection
	GlobalSection(ExtensibilityGlobals) = postSolution
		SolutionGuid = {A7E5542B-2D01-4DAB-8D53-2EF7BEF3525D}
	EndGlobalSection
EndGlobal
